
Microsoft Visual Studio Solution File, Format Version 12.00
# Visual Studio Version 17
VisualStudioVersion = 17.6.33723.286
MinimumVisualStudioVersion = 10.0.40219.1
Project("{9A19103F-16F7-4668-BE54-9A1E7A4F7556}") = "DemoBlogAppProject", "DemoBlogAppProject\DemoBlogAppProject.csproj", "{A66F962F-2DD0-4E25-A23E-79208A1E4F94}"
EndProject
Project("{9A19103F-16F7-4668-BE54-9A1E7A4F7556}") = "studentCrud", "..\studentCrud\studentCrud\studentCrud.csproj", "{CAC9FC1C-98A9-4F65-A93F-A769ED3E3047}"
EndProject
Global
	GlobalSection(SolutionConfigurationPlatforms) = preSolution
		Debug|Any CPU = Debug|Any CPU
		Release|Any CPU = Release|Any CPU
	EndGlobalSection
	GlobalSection(ProjectConfigurationPlatforms) = postSolution
		{A66F962F-2DD0-4E25-A23E-79208A1E4F94}.Debug|Any CPU.ActiveCfg = Debug|Any CPU
		{A66F962F-2DD0-4E25-A23E-79208A1E4F94}.Debug|Any CPU.Build.0 = Debug|Any CPU
		{A66F962F-2DD0-4E25-A23E-79208A1E4F94}.Release|Any CPU.ActiveCfg = Release|Any CPU
		{A66F962F-2DD0-4E25-A23E-79208A1E4F94}.Release|Any CPU.Build.0 = Release|Any CPU
		{CAC9FC1C-98A9-4F65-A93F-A769ED3E3047}.Debug|Any CPU.ActiveCfg = Debug|Any CPU
		{CAC9FC1C-98A9-4F65-A93F-A769ED3E3047}.Debug|Any CPU.Build.0 = Debug|Any CPU
		{CAC9FC1C-98A9-4F65-A93F-A769ED3E3047}.Release|Any CPU.ActiveCfg = Release|Any CPU
		{CAC9FC1C-98A9-4F65-A93F-A769ED3E3047}.Release|Any CPU.Build.0 = Release|Any CPU
	EndGlobalSection
	GlobalSection(SolutionProperties) = preSolution
		HideSolutionNode = FALSE
	EndGlobalSection
	GlobalSection(ExtensibilityGlobals) = postSolution
		SolutionGuid = {F1FDD135-7DCE-4EA2-A66A-62F4173930EB}
	EndGlobalSection
EndGlobal
